// !$*UTF8*$!
{
	archiveVersion = 1;
	classes = {
	};
	objectVersion = 48;
	objects = {

/* Begin PBXBuildFile section */
		41EC33506A913CF5A746D2D5 /* Pods_WFAN.framework in Frameworks */ = {isa = PBXBuildFile; fileRef = 0B8D460484F4A2008FB2D9F7 /* Pods_WFAN.framework */; };
		C730E2861F4C6D2700A3C627 /* AppDelegate.swift in Sources */ = {isa = PBXBuildFile; fileRef = C730E2851F4C6D2700A3C627 /* AppDelegate.swift */; };
		C730E28B1F4C6D2700A3C627 /* Main.storyboard in Resources */ = {isa = PBXBuildFile; fileRef = C730E2891F4C6D2700A3C627 /* Main.storyboard */; };
		C730E28D1F4C6D2700A3C627 /* Assets.xcassets in Resources */ = {isa = PBXBuildFile; fileRef = C730E28C1F4C6D2700A3C627 /* Assets.xcassets */; };
		C730E2901F4C6D2700A3C627 /* LaunchScreen.storyboard in Resources */ = {isa = PBXBuildFile; fileRef = C730E28E1F4C6D2700A3C627 /* LaunchScreen.storyboard */; };
		C74A1FE41F505ADD00A0B533 /* GoogleService-Info.plist in Resources */ = {isa = PBXBuildFile; fileRef = C74A1FE31F505ADD00A0B533 /* GoogleService-Info.plist */; };
		C7B98BFD1F581F7900B80862 /* SongsSearchViewController.swift in Sources */ = {isa = PBXBuildFile; fileRef = C7B98BFC1F581F7900B80862 /* SongsSearchViewController.swift */; };
		C7D2B6F61F583DB600041263 /* AuthorizationManager.swift in Sources */ = {isa = PBXBuildFile; fileRef = C7D2B6EB1F583DB500041263 /* AuthorizationManager.swift */; };
		C7D2B6F71F583DB600041263 /* MusicPlayerManager.swift in Sources */ = {isa = PBXBuildFile; fileRef = C7D2B6EC1F583DB500041263 /* MusicPlayerManager.swift */; };
		C7D2B6F81F583DB600041263 /* MediaItem.swift in Sources */ = {isa = PBXBuildFile; fileRef = C7D2B6ED1F583DB500041263 /* MediaItem.swift */; };
		C7D2B6F91F583DB600041263 /* ImageCacheManager.swift in Sources */ = {isa = PBXBuildFile; fileRef = C7D2B6EE1F583DB500041263 /* ImageCacheManager.swift */; };
		C7D2B6FA1F583DB600041263 /* AppleMusicRequestFactory.swift in Sources */ = {isa = PBXBuildFile; fileRef = C7D2B6EF1F583DB500041263 /* AppleMusicRequestFactory.swift */; };
		C7D2B6FC1F583DB600041263 /* JSONKeys.swift in Sources */ = {isa = PBXBuildFile; fileRef = C7D2B6F11F583DB500041263 /* JSONKeys.swift */; };
		C7D2B6FD1F583DB600041263 /* MediaLibraryManager.swift in Sources */ = {isa = PBXBuildFile; fileRef = C7D2B6F21F583DB500041263 /* MediaLibraryManager.swift */; };
		C7D2B6FE1F583DB600041263 /* SerializationError.swift in Sources */ = {isa = PBXBuildFile; fileRef = C7D2B6F31F583DB500041263 /* SerializationError.swift */; };
		C7D2B6FF1F583DB600041263 /* AppleMusicManager.swift in Sources */ = {isa = PBXBuildFile; fileRef = C7D2B6F41F583DB600041263 /* AppleMusicManager.swift */; };
		C7D2B7001F583DB600041263 /* Artwork.swift in Sources */ = {isa = PBXBuildFile; fileRef = C7D2B6F51F583DB600041263 /* Artwork.swift */; };
		C7E755BF1F4DB1C000816224 /* SongsListTableViewCell.swift in Sources */ = {isa = PBXBuildFile; fileRef = C7E755BE1F4DB1C000816224 /* SongsListTableViewCell.swift */; };
		C7E755C11F4DB1E400816224 /* DJListTableViewCell.swift in Sources */ = {isa = PBXBuildFile; fileRef = C7E755C01F4DB1E400816224 /* DJListTableViewCell.swift */; };
		C7F638F81F4C71A0002C6706 /* LoginViewController.swift in Sources */ = {isa = PBXBuildFile; fileRef = C7F638F71F4C71A0002C6706 /* LoginViewController.swift */; };
		C7F638FA1F4C7E8F002C6706 /* CustomUITextField.swift in Sources */ = {isa = PBXBuildFile; fileRef = C7F638F91F4C7E8F002C6706 /* CustomUITextField.swift */; };
		C7F638FC1F4C90C0002C6706 /* MainScreenViewController.swift in Sources */ = {isa = PBXBuildFile; fileRef = C7F638FB1F4C90C0002C6706 /* MainScreenViewController.swift */; };
/* End PBXBuildFile section */

/* Begin PBXFileReference section */
		0B8D460484F4A2008FB2D9F7 /* Pods_WFAN.framework */ = {isa = PBXFileReference; explicitFileType = wrapper.framework; includeInIndex = 0; path = Pods_WFAN.framework; sourceTree = BUILT_PRODUCTS_DIR; };
		43FD620C00E15DB8017CC1C1 /* Pods-WFAN.release.xcconfig */ = {isa = PBXFileReference; includeInIndex = 1; lastKnownFileType = text.xcconfig; name = "Pods-WFAN.release.xcconfig"; path = "Pods/Target Support Files/Pods-WFAN/Pods-WFAN.release.xcconfig"; sourceTree = "<group>"; };
		71BD74469E69E57D53229A7A /* Pods-WFAN.debug.xcconfig */ = {isa = PBXFileReference; includeInIndex = 1; lastKnownFileType = text.xcconfig; name = "Pods-WFAN.debug.xcconfig"; path = "Pods/Target Support Files/Pods-WFAN/Pods-WFAN.debug.xcconfig"; sourceTree = "<group>"; };
		C730E2821F4C6D2700A3C627 /* WFAN.app */ = {isa = PBXFileReference; explicitFileType = wrapper.application; includeInIndex = 0; path = WFAN.app; sourceTree = BUILT_PRODUCTS_DIR; };
		C730E2851F4C6D2700A3C627 /* AppDelegate.swift */ = {isa = PBXFileReference; lastKnownFileType = sourcecode.swift; path = AppDelegate.swift; sourceTree = "<group>"; };
		C730E28A1F4C6D2700A3C627 /* Base */ = {isa = PBXFileReference; lastKnownFileType = file.storyboard; name = Base; path = Base.lproj/Main.storyboard; sourceTree = "<group>"; };
		C730E28C1F4C6D2700A3C627 /* Assets.xcassets */ = {isa = PBXFileReference; lastKnownFileType = folder.assetcatalog; path = Assets.xcassets; sourceTree = "<group>"; };
		C730E28F1F4C6D2700A3C627 /* Base */ = {isa = PBXFileReference; lastKnownFileType = file.storyboard; name = Base; path = Base.lproj/LaunchScreen.storyboard; sourceTree = "<group>"; };
		C730E2911F4C6D2700A3C627 /* Info.plist */ = {isa = PBXFileReference; lastKnownFileType = text.plist.xml; path = Info.plist; sourceTree = "<group>"; };
		C74A1FE31F505ADD00A0B533 /* GoogleService-Info.plist */ = {isa = PBXFileReference; fileEncoding = 4; lastKnownFileType = text.plist.xml; path = "GoogleService-Info.plist"; sourceTree = "<group>"; };
		C7B98BFC1F581F7900B80862 /* SongsSearchViewController.swift */ = {isa = PBXFileReference; lastKnownFileType = sourcecode.swift; path = SongsSearchViewController.swift; sourceTree = "<group>"; };
		C7D2B6EB1F583DB500041263 /* AuthorizationManager.swift */ = {isa = PBXFileReference; fileEncoding = 4; lastKnownFileType = sourcecode.swift; path = AuthorizationManager.swift; sourceTree = "<group>"; };
		C7D2B6EC1F583DB500041263 /* MusicPlayerManager.swift */ = {isa = PBXFileReference; fileEncoding = 4; lastKnownFileType = sourcecode.swift; path = MusicPlayerManager.swift; sourceTree = "<group>"; };
		C7D2B6ED1F583DB500041263 /* MediaItem.swift */ = {isa = PBXFileReference; fileEncoding = 4; lastKnownFileType = sourcecode.swift; path = MediaItem.swift; sourceTree = "<group>"; };
		C7D2B6EE1F583DB500041263 /* ImageCacheManager.swift */ = {isa = PBXFileReference; fileEncoding = 4; lastKnownFileType = sourcecode.swift; path = ImageCacheManager.swift; sourceTree = "<group>"; };
		C7D2B6EF1F583DB500041263 /* AppleMusicRequestFactory.swift */ = {isa = PBXFileReference; fileEncoding = 4; lastKnownFileType = sourcecode.swift; path = AppleMusicRequestFactory.swift; sourceTree = "<group>"; };
		C7D2B6F11F583DB500041263 /* JSONKeys.swift */ = {isa = PBXFileReference; fileEncoding = 4; lastKnownFileType = sourcecode.swift; path = JSONKeys.swift; sourceTree = "<group>"; };
		C7D2B6F21F583DB500041263 /* MediaLibraryManager.swift */ = {isa = PBXFileReference; fileEncoding = 4; lastKnownFileType = sourcecode.swift; path = MediaLibraryManager.swift; sourceTree = "<group>"; };
		C7D2B6F31F583DB500041263 /* SerializationError.swift */ = {isa = PBXFileReference; fileEncoding = 4; lastKnownFileType = sourcecode.swift; path = SerializationError.swift; sourceTree = "<group>"; };
		C7D2B6F41F583DB600041263 /* AppleMusicManager.swift */ = {isa = PBXFileReference; fileEncoding = 4; lastKnownFileType = sourcecode.swift; path = AppleMusicManager.swift; sourceTree = "<group>"; };
		C7D2B6F51F583DB600041263 /* Artwork.swift */ = {isa = PBXFileReference; fileEncoding = 4; lastKnownFileType = sourcecode.swift; path = Artwork.swift; sourceTree = "<group>"; };
		C7E755BE1F4DB1C000816224 /* SongsListTableViewCell.swift */ = {isa = PBXFileReference; lastKnownFileType = sourcecode.swift; path = SongsListTableViewCell.swift; sourceTree = "<group>"; };
		C7E755C01F4DB1E400816224 /* DJListTableViewCell.swift */ = {isa = PBXFileReference; lastKnownFileType = sourcecode.swift; path = DJListTableViewCell.swift; sourceTree = "<group>"; };
		C7F638F71F4C71A0002C6706 /* LoginViewController.swift */ = {isa = PBXFileReference; lastKnownFileType = sourcecode.swift; path = LoginViewController.swift; sourceTree = "<group>"; };
		C7F638F91F4C7E8F002C6706 /* CustomUITextField.swift */ = {isa = PBXFileReference; lastKnownFileType = sourcecode.swift; path = CustomUITextField.swift; sourceTree = "<group>"; };
		C7F638FB1F4C90C0002C6706 /* MainScreenViewController.swift */ = {isa = PBXFileReference; lastKnownFileType = sourcecode.swift; path = MainScreenViewController.swift; sourceTree = "<group>"; };
/* End PBXFileReference section */

/* Begin PBXFrameworksBuildPhase section */
		C730E27F1F4C6D2700A3C627 /* Frameworks */ = {
			isa = PBXFrameworksBuildPhase;
			buildActionMask = 2147483647;
			files = (
				41EC33506A913CF5A746D2D5 /* Pods_WFAN.framework in Frameworks */,
			);
			runOnlyForDeploymentPostprocessing = 0;
		};
/* End PBXFrameworksBuildPhase section */

/* Begin PBXGroup section */
		A842FCF3232A0C9F6D4D5E8B /* Pods */ = {
			isa = PBXGroup;
			children = (
				71BD74469E69E57D53229A7A /* Pods-WFAN.debug.xcconfig */,
				43FD620C00E15DB8017CC1C1 /* Pods-WFAN.release.xcconfig */,
			);
			name = Pods;
			sourceTree = "<group>";
		};
		C730E2791F4C6D2700A3C627 = {
			isa = PBXGroup;
			children = (
				C730E2841F4C6D2700A3C627 /* WFAN */,
				C730E2831F4C6D2700A3C627 /* Products */,
				A842FCF3232A0C9F6D4D5E8B /* Pods */,
				F443073412B322ECA74D2A2D /* Frameworks */,
			);
			sourceTree = "<group>";
		};
		C730E2831F4C6D2700A3C627 /* Products */ = {
			isa = PBXGroup;
			children = (
				C730E2821F4C6D2700A3C627 /* WFAN.app */,
			);
			name = Products;
			sourceTree = "<group>";
		};
		C730E2841F4C6D2700A3C627 /* WFAN */ = {
			isa = PBXGroup;
			children = (
				C74A1FE31F505ADD00A0B533 /* GoogleService-Info.plist */,
				C730E2851F4C6D2700A3C627 /* AppDelegate.swift */,
				C7F638FE1F4C920F002C6706 /* ViewControllers */,
				C7F638FD1F4C91FD002C6706 /* Utilities */,
				C7B98BFE1F5839E600B80862 /* Apple Music Liberary */,
				C730E2891F4C6D2700A3C627 /* Main.storyboard */,
				C730E28C1F4C6D2700A3C627 /* Assets.xcassets */,
				C730E28E1F4C6D2700A3C627 /* LaunchScreen.storyboard */,
				C730E2911F4C6D2700A3C627 /* Info.plist */,
			);
			path = WFAN;
			sourceTree = "<group>";
		};
		C7B98BFE1F5839E600B80862 /* Apple Music Liberary */ = {
			isa = PBXGroup;
			children = (
				C7D2B6F41F583DB600041263 /* AppleMusicManager.swift */,
				C7D2B6EF1F583DB500041263 /* AppleMusicRequestFactory.swift */,
				C7D2B6F51F583DB600041263 /* Artwork.swift */,
				C7D2B6EB1F583DB500041263 /* AuthorizationManager.swift */,
				C7D2B6EE1F583DB500041263 /* ImageCacheManager.swift */,
				C7D2B6F11F583DB500041263 /* JSONKeys.swift */,
				C7D2B6ED1F583DB500041263 /* MediaItem.swift */,
				C7D2B6F21F583DB500041263 /* MediaLibraryManager.swift */,
				C7D2B6EC1F583DB500041263 /* MusicPlayerManager.swift */,
				C7D2B6F31F583DB500041263 /* SerializationError.swift */,
			);
			path = "Apple Music Liberary";
			sourceTree = "<group>";
		};
		C7E755BD1F4DB16900816224 /* TableCells */ = {
			isa = PBXGroup;
			children = (
				C7E755BE1F4DB1C000816224 /* SongsListTableViewCell.swift */,
				C7E755C01F4DB1E400816224 /* DJListTableViewCell.swift */,
			);
			path = TableCells;
			sourceTree = "<group>";
		};
		C7F638FD1F4C91FD002C6706 /* Utilities */ = {
			isa = PBXGroup;
			children = (
				C7E755BD1F4DB16900816224 /* TableCells */,
				C7F638F91F4C7E8F002C6706 /* CustomUITextField.swift */,
			);
			path = Utilities;
			sourceTree = "<group>";
		};
		C7F638FE1F4C920F002C6706 /* ViewControllers */ = {
			isa = PBXGroup;
			children = (
				C7F638F71F4C71A0002C6706 /* LoginViewController.swift */,
				C7F638FB1F4C90C0002C6706 /* MainScreenViewController.swift */,
				C7B98BFC1F581F7900B80862 /* SongsSearchViewController.swift */,
			);
			path = ViewControllers;
			sourceTree = "<group>";
		};
		F443073412B322ECA74D2A2D /* Frameworks */ = {
			isa = PBXGroup;
			children = (
				0B8D460484F4A2008FB2D9F7 /* Pods_WFAN.framework */,
			);
			name = Frameworks;
			sourceTree = "<group>";
		};
/* End PBXGroup section */

/* Begin PBXNativeTarget section */
		C730E2811F4C6D2700A3C627 /* WFAN */ = {
			isa = PBXNativeTarget;
			buildConfigurationList = C730E2941F4C6D2700A3C627 /* Build configuration list for PBXNativeTarget "WFAN" */;
			buildPhases = (
				226AC75515E888B79D0545B4 /* [CP] Check Pods Manifest.lock */,
				C730E27E1F4C6D2700A3C627 /* Sources */,
				C730E27F1F4C6D2700A3C627 /* Frameworks */,
				C730E2801F4C6D2700A3C627 /* Resources */,
				A65FC7A683FDE83378E67649 /* [CP] Embed Pods Frameworks */,
				1C8776ED9F9188F229158B49 /* [CP] Copy Pods Resources */,
			);
			buildRules = (
			);
			dependencies = (
			);
			name = WFAN;
			productName = WFAN;
			productReference = C730E2821F4C6D2700A3C627 /* WFAN.app */;
			productType = "com.apple.product-type.application";
		};
/* End PBXNativeTarget section */

/* Begin PBXProject section */
		C730E27A1F4C6D2700A3C627 /* Project object */ = {
			isa = PBXProject;
			attributes = {
				LastSwiftUpdateCheck = 0900;
				LastUpgradeCheck = 0900;
				ORGANIZATIONNAME = "Muhammad Amjad";
				TargetAttributes = {
					C730E2811F4C6D2700A3C627 = {
						CreatedOnToolsVersion = 9.0;
						LastSwiftMigration = 0900;
					};
				};
			};
			buildConfigurationList = C730E27D1F4C6D2700A3C627 /* Build configuration list for PBXProject "WFAN" */;
			compatibilityVersion = "Xcode 8.0";
			developmentRegion = en;
			hasScannedForEncodings = 0;
			knownRegions = (
				en,
				Base,
			);
			mainGroup = C730E2791F4C6D2700A3C627;
			productRefGroup = C730E2831F4C6D2700A3C627 /* Products */;
			projectDirPath = "";
			projectRoot = "";
			targets = (
				C730E2811F4C6D2700A3C627 /* WFAN */,
			);
		};
/* End PBXProject section */

/* Begin PBXResourcesBuildPhase section */
		C730E2801F4C6D2700A3C627 /* Resources */ = {
			isa = PBXResourcesBuildPhase;
			buildActionMask = 2147483647;
			files = (
				C730E2901F4C6D2700A3C627 /* LaunchScreen.storyboard in Resources */,
				C74A1FE41F505ADD00A0B533 /* GoogleService-Info.plist in Resources */,
				C730E28D1F4C6D2700A3C627 /* Assets.xcassets in Resources */,
				C730E28B1F4C6D2700A3C627 /* Main.storyboard in Resources */,
			);
			runOnlyForDeploymentPostprocessing = 0;
		};
/* End PBXResourcesBuildPhase section */

/* Begin PBXShellScriptBuildPhase section */
		1C8776ED9F9188F229158B49 /* [CP] Copy Pods Resources */ = {
			isa = PBXShellScriptBuildPhase;
			buildActionMask = 2147483647;
			files = (
			);
			inputPaths = (
			);
			name = "[CP] Copy Pods Resources";
			outputPaths = (
			);
			runOnlyForDeploymentPostprocessing = 0;
			shellPath = /bin/sh;
			shellScript = "\"${SRCROOT}/Pods/Target Support Files/Pods-WFAN/Pods-WFAN-resources.sh\"\n";
			showEnvVarsInLog = 0;
		};
		226AC75515E888B79D0545B4 /* [CP] Check Pods Manifest.lock */ = {
			isa = PBXShellScriptBuildPhase;
			buildActionMask = 2147483647;
			files = (
			);
			inputPaths = (
			);
			name = "[CP] Check Pods Manifest.lock";
			outputPaths = (
			);
			runOnlyForDeploymentPostprocessing = 0;
			shellPath = /bin/sh;
			shellScript = "diff \"${PODS_PODFILE_DIR_PATH}/Podfile.lock\" \"${PODS_ROOT}/Manifest.lock\" > /dev/null\nif [ $? != 0 ] ; then\n    # print error to STDERR\n    echo \"error: The sandbox is not in sync with the Podfile.lock. Run 'pod install' or update your CocoaPods installation.\" >&2\n    exit 1\nfi\n";
			showEnvVarsInLog = 0;
		};
		A65FC7A683FDE83378E67649 /* [CP] Embed Pods Frameworks */ = {
			isa = PBXShellScriptBuildPhase;
			buildActionMask = 2147483647;
			files = (
			);
			inputPaths = (
			);
			name = "[CP] Embed Pods Frameworks";
			outputPaths = (
			);
			runOnlyForDeploymentPostprocessing = 0;
			shellPath = /bin/sh;
			shellScript = "\"${SRCROOT}/Pods/Target Support Files/Pods-WFAN/Pods-WFAN-frameworks.sh\"\n";
			showEnvVarsInLog = 0;
		};
/* End PBXShellScriptBuildPhase section */

/* Begin PBXSourcesBuildPhase section */
		C730E27E1F4C6D2700A3C627 /* Sources */ = {
			isa = PBXSourcesBuildPhase;
			buildActionMask = 2147483647;
			files = (
				C7F638F81F4C71A0002C6706 /* LoginViewController.swift in Sources */,
				C7D2B6F61F583DB600041263 /* AuthorizationManager.swift in Sources */,
				C7E755C11F4DB1E400816224 /* DJListTableViewCell.swift in Sources */,
				C7B98BFD1F581F7900B80862 /* SongsSearchViewController.swift in Sources */,
				C7F638FC1F4C90C0002C6706 /* MainScreenViewController.swift in Sources */,
				C7D2B6FA1F583DB600041263 /* AppleMusicRequestFactory.swift in Sources */,
				C7F638FA1F4C7E8F002C6706 /* CustomUITextField.swift in Sources */,
				C730E2861F4C6D2700A3C627 /* AppDelegate.swift in Sources */,
				C7D2B6F81F583DB600041263 /* MediaItem.swift in Sources */,
				C7D2B6FD1F583DB600041263 /* MediaLibraryManager.swift in Sources */,
				C7D2B6FE1F583DB600041263 /* SerializationError.swift in Sources */,
				C7D2B6FF1F583DB600041263 /* AppleMusicManager.swift in Sources */,
				C7D2B6F71F583DB600041263 /* MusicPlayerManager.swift in Sources */,
				C7D2B6F91F583DB600041263 /* ImageCacheManager.swift in Sources */,
				C7E755BF1F4DB1C000816224 /* SongsListTableViewCell.swift in Sources */,
				C7D2B7001F583DB600041263 /* Artwork.swift in Sources */,
				C7D2B6FC1F583DB600041263 /* JSONKeys.swift in Sources */,
			);
			runOnlyForDeploymentPostprocessing = 0;
		};
/* End PBXSourcesBuildPhase section */

/* Begin PBXVariantGroup section */
		C730E2891F4C6D2700A3C627 /* Main.storyboard */ = {
			isa = PBXVariantGroup;
			children = (
				C730E28A1F4C6D2700A3C627 /* Base */,
			);
			name = Main.storyboard;
			sourceTree = "<group>";
		};
		C730E28E1F4C6D2700A3C627 /* LaunchScreen.storyboard */ = {
			isa = PBXVariantGroup;
			children = (
				C730E28F1F4C6D2700A3C627 /* Base */,
			);
			name = LaunchScreen.storyboard;
			sourceTree = "<group>";
		};
/* End PBXVariantGroup section */

/* Begin XCBuildConfiguration section */
		C730E2921F4C6D2700A3C627 /* Debug */ = {
			isa = XCBuildConfiguration;
			buildSettings = {
				ALWAYS_SEARCH_USER_PATHS = NO;
				CLANG_ANALYZER_NONNULL = YES;
				CLANG_ANALYZER_NUMBER_OBJECT_CONVERSION = YES_AGGRESSIVE;
				CLANG_CXX_LANGUAGE_STANDARD = "gnu++14";
				CLANG_CXX_LIBRARY = "libc++";
				CLANG_ENABLE_MODULES = YES;
				CLANG_ENABLE_OBJC_ARC = YES;
				CLANG_WARN_BLOCK_CAPTURE_AUTORELEASING = YES;
				CLANG_WARN_BOOL_CONVERSION = YES;
				CLANG_WARN_COMMA = YES;
				CLANG_WARN_CONSTANT_CONVERSION = YES;
				CLANG_WARN_DIRECT_OBJC_ISA_USAGE = YES_ERROR;
				CLANG_WARN_DOCUMENTATION_COMMENTS = YES;
				CLANG_WARN_EMPTY_BODY = YES;
				CLANG_WARN_ENUM_CONVERSION = YES;
				CLANG_WARN_INFINITE_RECURSION = YES;
				CLANG_WARN_INT_CONVERSION = YES;
				CLANG_WARN_NON_LITERAL_NULL_CONVERSION = YES;
				CLANG_WARN_OBJC_LITERAL_CONVERSION = YES;
				CLANG_WARN_OBJC_ROOT_CLASS = YES_ERROR;
				CLANG_WARN_RANGE_LOOP_ANALYSIS = YES;
				CLANG_WARN_STRICT_PROTOTYPES = YES;
				CLANG_WARN_SUSPICIOUS_MOVE = YES;
				CLANG_WARN_UNGUARDED_AVAILABILITY = YES_AGGRESSIVE;
				CLANG_WARN_UNREACHABLE_CODE = YES;
				CLANG_WARN__DUPLICATE_METHOD_MATCH = YES;
				CODE_SIGN_IDENTITY = "iPhone Developer";
				COPY_PHASE_STRIP = NO;
				DEBUG_INFORMATION_FORMAT = dwarf;
				ENABLE_STRICT_OBJC_MSGSEND = YES;
				ENABLE_TESTABILITY = YES;
				GCC_C_LANGUAGE_STANDARD = gnu11;
				GCC_DYNAMIC_NO_PIC = NO;
				GCC_NO_COMMON_BLOCKS = YES;
				GCC_OPTIMIZATION_LEVEL = 0;
				GCC_PREPROCESSOR_DEFINITIONS = (
					"DEBUG=1",
					"$(inherited)",
				);
				GCC_WARN_64_TO_32_BIT_CONVERSION = YES;
				GCC_WARN_ABOUT_RETURN_TYPE = YES_ERROR;
				GCC_WARN_UNDECLARED_SELECTOR = YES;
				GCC_WARN_UNINITIALIZED_AUTOS = YES_AGGRESSIVE;
				GCC_WARN_UNUSED_FUNCTION = YES;
				GCC_WARN_UNUSED_VARIABLE = YES;
				IPHONEOS_DEPLOYMENT_TARGET = 11.0;
				MTL_ENABLE_DEBUG_INFO = YES;
				ONLY_ACTIVE_ARCH = YES;
				SDKROOT = iphoneos;
				SWIFT_ACTIVE_COMPILATION_CONDITIONS = DEBUG;
				SWIFT_OPTIMIZATION_LEVEL = "-Onone";
			};
			name = Debug;
		};
		C730E2931F4C6D2700A3C627 /* Release */ = {
			isa = XCBuildConfiguration;
			buildSettings = {
				ALWAYS_SEARCH_USER_PATHS = NO;
				CLANG_ANALYZER_NONNULL = YES;
				CLANG_ANALYZER_NUMBER_OBJECT_CONVERSION = YES_AGGRESSIVE;
				CLANG_CXX_LANGUAGE_STANDARD = "gnu++14";
				CLANG_CXX_LIBRARY = "libc++";
				CLANG_ENABLE_MODULES = YES;
				CLANG_ENABLE_OBJC_ARC = YES;
				CLANG_WARN_BLOCK_CAPTURE_AUTORELEASING = YES;
				CLANG_WARN_BOOL_CONVERSION = YES;
				CLANG_WARN_COMMA = YES;
				CLANG_WARN_CONSTANT_CONVERSION = YES;
				CLANG_WARN_DIRECT_OBJC_ISA_USAGE = YES_ERROR;
				CLANG_WARN_DOCUMENTATION_COMMENTS = YES;
				CLANG_WARN_EMPTY_BODY = YES;
				CLANG_WARN_ENUM_CONVERSION = YES;
				CLANG_WARN_INFINITE_RECURSION = YES;
				CLANG_WARN_INT_CONVERSION = YES;
				CLANG_WARN_NON_LITERAL_NULL_CONVERSION = YES;
				CLANG_WARN_OBJC_LITERAL_CONVERSION = YES;
				CLANG_WARN_OBJC_ROOT_CLASS = YES_ERROR;
				CLANG_WARN_RANGE_LOOP_ANALYSIS = YES;
				CLANG_WARN_STRICT_PROTOTYPES = YES;
				CLANG_WARN_SUSPICIOUS_MOVE = YES;
				CLANG_WARN_UNGUARDED_AVAILABILITY = YES_AGGRESSIVE;
				CLANG_WARN_UNREACHABLE_CODE = YES;
				CLANG_WARN__DUPLICATE_METHOD_MATCH = YES;
				CODE_SIGN_IDENTITY = "iPhone Developer";
				COPY_PHASE_STRIP = NO;
				DEBUG_INFORMATION_FORMAT = "dwarf-with-dsym";
				ENABLE_NS_ASSERTIONS = NO;
				ENABLE_STRICT_OBJC_MSGSEND = YES;
				GCC_C_LANGUAGE_STANDARD = gnu11;
				GCC_NO_COMMON_BLOCKS = YES;
				GCC_WARN_64_TO_32_BIT_CONVERSION = YES;
				GCC_WARN_ABOUT_RETURN_TYPE = YES_ERROR;
				GCC_WARN_UNDECLARED_SELECTOR = YES;
				GCC_WARN_UNINITIALIZED_AUTOS = YES_AGGRESSIVE;
				GCC_WARN_UNUSED_FUNCTION = YES;
				GCC_WARN_UNUSED_VARIABLE = YES;
				IPHONEOS_DEPLOYMENT_TARGET = 11.0;
				MTL_ENABLE_DEBUG_INFO = NO;
				SDKROOT = iphoneos;
				SWIFT_OPTIMIZATION_LEVEL = "-Owholemodule";
				VALIDATE_PRODUCT = YES;
			};
			name = Release;
		};
		C730E2951F4C6D2700A3C627 /* Debug */ = {
			isa = XCBuildConfiguration;
			baseConfigurationReference = 71BD74469E69E57D53229A7A /* Pods-WFAN.debug.xcconfig */;
			buildSettings = {
				ASSETCATALOG_COMPILER_APPICON_NAME = AppIcon;
				CLANG_ENABLE_MODULES = YES;
				DEVELOPMENT_TEAM = RS8P44VNQC;
				INFOPLIST_FILE = WFAN/Info.plist;
				LD_RUNPATH_SEARCH_PATHS = "$(inherited) @executable_path/Frameworks";
				OTHER_LDFLAGS = "$(inherited)";
				PRODUCT_BUNDLE_IDENTIFIER = com.lensie.wfan;
				PRODUCT_NAME = "$(TARGET_NAME)";
				SWIFT_OBJC_BRIDGING_HEADER = "";
				SWIFT_OPTIMIZATION_LEVEL = "-Onone";
				SWIFT_VERSION = 4.0;
				TARGETED_DEVICE_FAMILY = "1,2";
			};
			name = Debug;
		};
		C730E2961F4C6D2700A3C627 /* Release */ = {
			isa = XCBuildConfiguration;
			baseConfigurationReference = 43FD620C00E15DB8017CC1C1 /* Pods-WFAN.release.xcconfig */;
			buildSettings = {
				ASSETCATALOG_COMPILER_APPICON_NAME = AppIcon;
				CLANG_ENABLE_MODULES = YES;
				DEVELOPMENT_TEAM = RS8P44VNQC;
				INFOPLIST_FILE = WFAN/Info.plist;
				LD_RUNPATH_SEARCH_PATHS = "$(inherited) @executable_path/Frameworks";
				OTHER_LDFLAGS = "$(inherited)";
				PRODUCT_BUNDLE_IDENTIFIER = com.lensie.wfan;
				PRODUCT_NAME = "$(TARGET_NAME)";
				SWIFT_OBJC_BRIDGING_HEADER = "";
				SWIFT_VERSION = 4.0;
				TARGETED_DEVICE_FAMILY = "1,2";
			};
			name = Release;
		};
/* End XCBuildConfiguration section */

/* Begin XCConfigurationList section */
		C730E27D1F4C6D2700A3C627 /* Build configuration list for PBXProject "WFAN" */ = {
			isa = XCConfigurationList;
			buildConfigurations = (
				C730E2921F4C6D2700A3C627 /* Debug */,
				C730E2931F4C6D2700A3C627 /* Release */,
			);
			defaultConfigurationIsVisible = 0;
			defaultConfigurationName = Release;
		};
		C730E2941F4C6D2700A3C627 /* Build configuration list for PBXNativeTarget "WFAN" */ = {
			isa = XCConfigurationList;
			buildConfigurations = (
				C730E2951F4C6D2700A3C627 /* Debug */,
				C730E2961F4C6D2700A3C627 /* Release */,
			);
			defaultConfigurationIsVisible = 0;
			defaultConfigurationName = Release;
		};
/* End XCConfigurationList section */
	};
	rootObject = C730E27A1F4C6D2700A3C627 /* Project object */;
}
