// !$*UTF8*$!
{
	archiveVersion = 1;
	classes = {
	};
	objectVersion = 48;
	objects = {

/* Begin PBXBuildFile section */
		C730E2861F4C6D2700A3C627 /* AppDelegate.swift in Sources */ = {isa = PBXBuildFile; fileRef = C730E2851F4C6D2700A3C627 /* AppDelegate.swift */; };
		C730E28B1F4C6D2700A3C627 /* Main.storyboard in Resources */ = {isa = PBXBuildFile; fileRef = C730E2891F4C6D2700A3C627 /* Main.storyboard */; };
		C730E28D1F4C6D2700A3C627 /* Assets.xcassets in Resources */ = {isa = PBXBuildFile; fileRef = C730E28C1F4C6D2700A3C627 /* Assets.xcassets */; };
		C730E2901F4C6D2700A3C627 /* LaunchScreen.storyboard in Resources */ = {isa = PBXBuildFile; fileRef = C730E28E1F4C6D2700A3C627 /* LaunchScreen.storyboard */; };
		C7E755BF1F4DB1C000816224 /* SongsListTableViewCell.swift in Sources */ = {isa = PBXBuildFile; fileRef = C7E755BE1F4DB1C000816224 /* SongsListTableViewCell.swift */; };
		C7E755C11F4DB1E400816224 /* DJListTableViewCell.swift in Sources */ = {isa = PBXBuildFile; fileRef = C7E755C01F4DB1E400816224 /* DJListTableViewCell.swift */; };
		C7F638F81F4C71A0002C6706 /* LoginViewController.swift in Sources */ = {isa = PBXBuildFile; fileRef = C7F638F71F4C71A0002C6706 /* LoginViewController.swift */; };
		C7F638FA1F4C7E8F002C6706 /* CustomUITextField.swift in Sources */ = {isa = PBXBuildFile; fileRef = C7F638F91F4C7E8F002C6706 /* CustomUITextField.swift */; };
		C7F638FC1F4C90C0002C6706 /* MainScreenViewController.swift in Sources */ = {isa = PBXBuildFile; fileRef = C7F638FB1F4C90C0002C6706 /* MainScreenViewController.swift */; };
/* End PBXBuildFile section */

/* Begin PBXFileReference section */
		C730E2821F4C6D2700A3C627 /* WFAN.app */ = {isa = PBXFileReference; explicitFileType = wrapper.application; includeInIndex = 0; path = WFAN.app; sourceTree = BUILT_PRODUCTS_DIR; };
		C730E2851F4C6D2700A3C627 /* AppDelegate.swift */ = {isa = PBXFileReference; lastKnownFileType = sourcecode.swift; path = AppDelegate.swift; sourceTree = "<group>"; };
		C730E28A1F4C6D2700A3C627 /* Base */ = {isa = PBXFileReference; lastKnownFileType = file.storyboard; name = Base; path = Base.lproj/Main.storyboard; sourceTree = "<group>"; };
		C730E28C1F4C6D2700A3C627 /* Assets.xcassets */ = {isa = PBXFileReference; lastKnownFileType = folder.assetcatalog; path = Assets.xcassets; sourceTree = "<group>"; };
		C730E28F1F4C6D2700A3C627 /* Base */ = {isa = PBXFileReference; lastKnownFileType = file.storyboard; name = Base; path = Base.lproj/LaunchScreen.storyboard; sourceTree = "<group>"; };
		C730E2911F4C6D2700A3C627 /* Info.plist */ = {isa = PBXFileReference; lastKnownFileType = text.plist.xml; path = Info.plist; sourceTree = "<group>"; };
		C7E755BE1F4DB1C000816224 /* SongsListTableViewCell.swift */ = {isa = PBXFileReference; lastKnownFileType = sourcecode.swift; path = SongsListTableViewCell.swift; sourceTree = "<group>"; };
		C7E755C01F4DB1E400816224 /* DJListTableViewCell.swift */ = {isa = PBXFileReference; lastKnownFileType = sourcecode.swift; path = DJListTableViewCell.swift; sourceTree = "<group>"; };
		C7F638F71F4C71A0002C6706 /* LoginViewController.swift */ = {isa = PBXFileReference; lastKnownFileType = sourcecode.swift; path = LoginViewController.swift; sourceTree = "<group>"; };
		C7F638F91F4C7E8F002C6706 /* CustomUITextField.swift */ = {isa = PBXFileReference; lastKnownFileType = sourcecode.swift; path = CustomUITextField.swift; sourceTree = "<group>"; };
		C7F638FB1F4C90C0002C6706 /* MainScreenViewController.swift */ = {isa = PBXFileReference; lastKnownFileType = sourcecode.swift; path = MainScreenViewController.swift; sourceTree = "<group>"; };
/* End PBXFileReference section */

/* Begin PBXFrameworksBuildPhase section */
		C730E27F1F4C6D2700A3C627 /* Frameworks */ = {
			isa = PBXFrameworksBuildPhase;
			buildActionMask = 2147483647;
			files = (
			);
			runOnlyForDeploymentPostprocessing = 0;
		};
/* End PBXFrameworksBuildPhase section */

/* Begin PBXGroup section */
		C730E2791F4C6D2700A3C627 = {
			isa = PBXGroup;
			children = (
				C730E2841F4C6D2700A3C627 /* WFAN */,
				C730E2831F4C6D2700A3C627 /* Products */,
			);
			sourceTree = "<group>";
		};
		C730E2831F4C6D2700A3C627 /* Products */ = {
			isa = PBXGroup;
			children = (
				C730E2821F4C6D2700A3C627 /* WFAN.app */,
			);
			name = Products;
			sourceTree = "<group>";
		};
		C730E2841F4C6D2700A3C627 /* WFAN */ = {
			isa = PBXGroup;
			children = (
				C730E2851F4C6D2700A3C627 /* AppDelegate.swift */,
				C7F638FE1F4C920F002C6706 /* ViewControllers */,
				C7F638FD1F4C91FD002C6706 /* Utilities */,
				C730E2891F4C6D2700A3C627 /* Main.storyboard */,
				C730E28C1F4C6D2700A3C627 /* Assets.xcassets */,
				C730E28E1F4C6D2700A3C627 /* LaunchScreen.storyboard */,
				C730E2911F4C6D2700A3C627 /* Info.plist */,
			);
			path = WFAN;
			sourceTree = "<group>";
		};
		C7E755BD1F4DB16900816224 /* TableCells */ = {
			isa = PBXGroup;
			children = (
				C7E755BE1F4DB1C000816224 /* SongsListTableViewCell.swift */,
				C7E755C01F4DB1E400816224 /* DJListTableViewCell.swift */,
			);
			path = TableCells;
			sourceTree = "<group>";
		};
		C7F638FD1F4C91FD002C6706 /* Utilities */ = {
			isa = PBXGroup;
			children = (
				C7E755BD1F4DB16900816224 /* TableCells */,
				C7F638F91F4C7E8F002C6706 /* CustomUITextField.swift */,
			);
			path = Utilities;
			sourceTree = "<group>";
		};
		C7F638FE1F4C920F002C6706 /* ViewControllers */ = {
			isa = PBXGroup;
			children = (
				C7F638F71F4C71A0002C6706 /* LoginViewController.swift */,
				C7F638FB1F4C90C0002C6706 /* MainScreenViewController.swift */,
			);
			path = ViewControllers;
			sourceTree = "<group>";
		};
/* End PBXGroup section */

/* Begin PBXNativeTarget section */
		C730E2811F4C6D2700A3C627 /* WFAN */ = {
			isa = PBXNativeTarget;
			buildConfigurationList = C730E2941F4C6D2700A3C627 /* Build configuration list for PBXNativeTarget "WFAN" */;
			buildPhases = (
				C730E27E1F4C6D2700A3C627 /* Sources */,
				C730E27F1F4C6D2700A3C627 /* Frameworks */,
				C730E2801F4C6D2700A3C627 /* Resources */,
			);
			buildRules = (
			);
			dependencies = (
			);
			name = WFAN;
			productName = WFAN;
			productReference = C730E2821F4C6D2700A3C627 /* WFAN.app */;
			productType = "com.apple.product-type.application";
		};
/* End PBXNativeTarget section */

/* Begin PBXProject section */
		C730E27A1F4C6D2700A3C627 /* Project object */ = {
			isa = PBXProject;
			attributes = {
				LastSwiftUpdateCheck = 0900;
				LastUpgradeCheck = 0900;
				ORGANIZATIONNAME = "Muhammad Amjad";
				TargetAttributes = {
					C730E2811F4C6D2700A3C627 = {
						CreatedOnToolsVersion = 9.0;
					};
				};
			};
			buildConfigurationList = C730E27D1F4C6D2700A3C627 /* Build configuration list for PBXProject "WFAN" */;
			compatibilityVersion = "Xcode 8.0";
			developmentRegion = en;
			hasScannedForEncodings = 0;
			knownRegions = (
				en,
				Base,
			);
			mainGroup = C730E2791F4C6D2700A3C627;
			productRefGroup = C730E2831F4C6D2700A3C627 /* Products */;
			projectDirPath = "";
			projectRoot = "";
			targets = (
				C730E2811F4C6D2700A3C627 /* WFAN */,
			);
		};
/* End PBXProject section */

/* Begin PBXResourcesBuildPhase section */
		C730E2801F4C6D2700A3C627 /* Resources */ = {
			isa = PBXResourcesBuildPhase;
			buildActionMask = 2147483647;
			files = (
				C730E2901F4C6D2700A3C627 /* LaunchScreen.storyboard in Resources */,
				C730E28D1F4C6D2700A3C627 /* Assets.xcassets in Resources */,
				C730E28B1F4C6D2700A3C627 /* Main.storyboard in Resources */,
			);
			runOnlyForDeploymentPostprocessing = 0;
		};
/* End PBXResourcesBuildPhase section */

/* Begin PBXSourcesBuildPhase section */
		C730E27E1F4C6D2700A3C627 /* Sources */ = {
			isa = PBXSourcesBuildPhase;
			buildActionMask = 2147483647;
			files = (
				C7F638F81F4C71A0002C6706 /* LoginViewController.swift in Sources */,
				C7E755C11F4DB1E400816224 /* DJListTableViewCell.swift in Sources */,
				C7F638FC1F4C90C0002C6706 /* MainScreenViewController.swift in Sources */,
				C7F638FA1F4C7E8F002C6706 /* CustomUITextField.swift in Sources */,
				C730E2861F4C6D2700A3C627 /* AppDelegate.swift in Sources */,
				C7E755BF1F4DB1C000816224 /* SongsListTableViewCell.swift in Sources */,
			);
			runOnlyForDeploymentPostprocessing = 0;
		};
/* End PBXSourcesBuildPhase section */

/* Begin PBXVariantGroup section */
		C730E2891F4C6D2700A3C627 /* Main.storyboard */ = {
			isa = PBXVariantGroup;
			children = (
				C730E28A1F4C6D2700A3C627 /* Base */,
			);
			name = Main.storyboard;
			sourceTree = "<group>";
		};
		C730E28E1F4C6D2700A3C627 /* LaunchScreen.storyboard */ = {
			isa = PBXVariantGroup;
			children = (
				C730E28F1F4C6D2700A3C627 /* Base */,
			);
			name = LaunchScreen.storyboard;
			sourceTree = "<group>";
		};
/* End PBXVariantGroup section */

/* Begin XCBuildConfiguration section */
		C730E2921F4C6D2700A3C627 /* Debug */ = {
			isa = XCBuildConfiguration;
			buildSettings = {
				ALWAYS_SEARCH_USER_PATHS = NO;
				CLANG_ANALYZER_NONNULL = YES;
				CLANG_ANALYZER_NUMBER_OBJECT_CONVERSION = YES_AGGRESSIVE;
				CLANG_CXX_LANGUAGE_STANDARD = "gnu++14";
				CLANG_CXX_LIBRARY = "libc++";
				CLANG_ENABLE_MODULES = YES;
				CLANG_ENABLE_OBJC_ARC = YES;
				CLANG_WARN_BLOCK_CAPTURE_AUTORELEASING = YES;
				CLANG_WARN_BOOL_CONVERSION = YES;
				CLANG_WARN_COMMA = YES;
				CLANG_WARN_CONSTANT_CONVERSION = YES;
				CLANG_WARN_DIRECT_OBJC_ISA_USAGE = YES_ERROR;
				CLANG_WARN_DOCUMENTATION_COMMENTS = YES;
				CLANG_WARN_EMPTY_BODY = YES;
				CLANG_WARN_ENUM_CONVERSION = YES;
				CLANG_WARN_INFINITE_RECURSION = YES;
				CLANG_WARN_INT_CONVERSION = YES;
				CLANG_WARN_NON_LITERAL_NULL_CONVERSION = YES;
				CLANG_WARN_OBJC_LITERAL_CONVERSION = YES;
				CLANG_WARN_OBJC_ROOT_CLASS = YES_ERROR;
				CLANG_WARN_RANGE_LOOP_ANALYSIS = YES;
				CLANG_WARN_STRICT_PROTOTYPES = YES;
				CLANG_WARN_SUSPICIOUS_MOVE = YES;
				CLANG_WARN_UNGUARDED_AVAILABILITY = YES_AGGRESSIVE;
				CLANG_WARN_UNREACHABLE_CODE = YES;
				CLANG_WARN__DUPLICATE_METHOD_MATCH = YES;
				CODE_SIGN_IDENTITY = "iPhone Developer";
				COPY_PHASE_STRIP = NO;
				DEBUG_INFORMATION_FORMAT = dwarf;
				ENABLE_STRICT_OBJC_MSGSEND = YES;
				ENABLE_TESTABILITY = YES;
				GCC_C_LANGUAGE_STANDARD = gnu11;
				GCC_DYNAMIC_NO_PIC = NO;
				GCC_NO_COMMON_BLOCKS = YES;
				GCC_OPTIMIZATION_LEVEL = 0;
				GCC_PREPROCESSOR_DEFINITIONS = (
					"DEBUG=1",
					"$(inherited)",
				);
				GCC_WARN_64_TO_32_BIT_CONVERSION = YES;
				GCC_WARN_ABOUT_RETURN_TYPE = YES_ERROR;
				GCC_WARN_UNDECLARED_SELECTOR = YES;
				GCC_WARN_UNINITIALIZED_AUTOS = YES_AGGRESSIVE;
				GCC_WARN_UNUSED_FUNCTION = YES;
				GCC_WARN_UNUSED_VARIABLE = YES;
				IPHONEOS_DEPLOYMENT_TARGET = 11.0;
				MTL_ENABLE_DEBUG_INFO = YES;
				ONLY_ACTIVE_ARCH = YES;
				SDKROOT = iphoneos;
				SWIFT_ACTIVE_COMPILATION_CONDITIONS = DEBUG;
				SWIFT_OPTIMIZATION_LEVEL = "-Onone";
			};
			name = Debug;
		};
		C730E2931F4C6D2700A3C627 /* Release */ = {
			isa = XCBuildConfiguration;
			buildSettings = {
				ALWAYS_SEARCH_USER_PATHS = NO;
				CLANG_ANALYZER_NONNULL = YES;
				CLANG_ANALYZER_NUMBER_OBJECT_CONVERSION = YES_AGGRESSIVE;
				CLANG_CXX_LANGUAGE_STANDARD = "gnu++14";
				CLANG_CXX_LIBRARY = "libc++";
				CLANG_ENABLE_MODULES = YES;
				CLANG_ENABLE_OBJC_ARC = YES;
				CLANG_WARN_BLOCK_CAPTURE_AUTORELEASING = YES;
				CLANG_WARN_BOOL_CONVERSION = YES;
				CLANG_WARN_COMMA = YES;
				CLANG_WARN_CONSTANT_CONVERSION = YES;
				CLANG_WARN_DIRECT_OBJC_ISA_USAGE = YES_ERROR;
				CLANG_WARN_DOCUMENTATION_COMMENTS = YES;
				CLANG_WARN_EMPTY_BODY = YES;
				CLANG_WARN_ENUM_CONVERSION = YES;
				CLANG_WARN_INFINITE_RECURSION = YES;
				CLANG_WARN_INT_CONVERSION = YES;
				CLANG_WARN_NON_LITERAL_NULL_CONVERSION = YES;
				CLANG_WARN_OBJC_LITERAL_CONVERSION = YES;
				CLANG_WARN_OBJC_ROOT_CLASS = YES_ERROR;
				CLANG_WARN_RANGE_LOOP_ANALYSIS = YES;
				CLANG_WARN_STRICT_PROTOTYPES = YES;
				CLANG_WARN_SUSPICIOUS_MOVE = YES;
				CLANG_WARN_UNGUARDED_AVAILABILITY = YES_AGGRESSIVE;
				CLANG_WARN_UNREACHABLE_CODE = YES;
				CLANG_WARN__DUPLICATE_METHOD_MATCH = YES;
				CODE_SIGN_IDENTITY = "iPhone Developer";
				COPY_PHASE_STRIP = NO;
				DEBUG_INFORMATION_FORMAT = "dwarf-with-dsym";
				ENABLE_NS_ASSERTIONS = NO;
				ENABLE_STRICT_OBJC_MSGSEND = YES;
				GCC_C_LANGUAGE_STANDARD = gnu11;
				GCC_NO_COMMON_BLOCKS = YES;
				GCC_WARN_64_TO_32_BIT_CONVERSION = YES;
				GCC_WARN_ABOUT_RETURN_TYPE = YES_ERROR;
				GCC_WARN_UNDECLARED_SELECTOR = YES;
				GCC_WARN_UNINITIALIZED_AUTOS = YES_AGGRESSIVE;
				GCC_WARN_UNUSED_FUNCTION = YES;
				GCC_WARN_UNUSED_VARIABLE = YES;
				IPHONEOS_DEPLOYMENT_TARGET = 11.0;
				MTL_ENABLE_DEBUG_INFO = NO;
				SDKROOT = iphoneos;
				SWIFT_OPTIMIZATION_LEVEL = "-Owholemodule";
				VALIDATE_PRODUCT = YES;
			};
			name = Release;
		};
		C730E2951F4C6D2700A3C627 /* Debug */ = {
			isa = XCBuildConfiguration;
			buildSettings = {
				ASSETCATALOG_COMPILER_APPICON_NAME = AppIcon;
				DEVELOPMENT_TEAM = AG7U5AM73M;
				INFOPLIST_FILE = WFAN/Info.plist;
				LD_RUNPATH_SEARCH_PATHS = "$(inherited) @executable_path/Frameworks";
				PRODUCT_BUNDLE_IDENTIFIER = com.iosTesting.team.WFAN;
				PRODUCT_NAME = "$(TARGET_NAME)";
				SWIFT_VERSION = 4.0;
				TARGETED_DEVICE_FAMILY = "1,2";
			};
			name = Debug;
		};
		C730E2961F4C6D2700A3C627 /* Release */ = {
			isa = XCBuildConfiguration;
			buildSettings = {
				ASSETCATALOG_COMPILER_APPICON_NAME = AppIcon;
				DEVELOPMENT_TEAM = AG7U5AM73M;
				INFOPLIST_FILE = WFAN/Info.plist;
				LD_RUNPATH_SEARCH_PATHS = "$(inherited) @executable_path/Frameworks";
				PRODUCT_BUNDLE_IDENTIFIER = com.iosTesting.team.WFAN;
				PRODUCT_NAME = "$(TARGET_NAME)";
				SWIFT_VERSION = 4.0;
				TARGETED_DEVICE_FAMILY = "1,2";
			};
			name = Release;
		};
/* End XCBuildConfiguration section */

/* Begin XCConfigurationList section */
		C730E27D1F4C6D2700A3C627 /* Build configuration list for PBXProject "WFAN" */ = {
			isa = XCConfigurationList;
			buildConfigurations = (
				C730E2921F4C6D2700A3C627 /* Debug */,
				C730E2931F4C6D2700A3C627 /* Release */,
			);
			defaultConfigurationIsVisible = 0;
			defaultConfigurationName = Release;
		};
		C730E2941F4C6D2700A3C627 /* Build configuration list for PBXNativeTarget "WFAN" */ = {
			isa = XCConfigurationList;
			buildConfigurations = (
				C730E2951F4C6D2700A3C627 /* Debug */,
				C730E2961F4C6D2700A3C627 /* Release */,
			);
			defaultConfigurationIsVisible = 0;
			defaultConfigurationName = Release;
		};
/* End XCConfigurationList section */
	};
	rootObject = C730E27A1F4C6D2700A3C627 /* Project object */;
}
